
Microsoft Visual Studio Solution File, Format Version 12.00
# Visual Studio Version 16
VisualStudioVersion = 16.0.29728.190
MinimumVisualStudioVersion = 10.0.40219.1
Project("{FAE04EC0-301F-11D3-BF4B-00C04F79EFBC}") = "PigDice", "PigDice\PigDice.csproj", "{517622BB-8605-4E28-BC91-F37D6A9DD53C}"
EndProject
Global
	GlobalSection(SolutionConfigurationPlatforms) = preSolution
		Debug|Any CPU = Debug|Any CPU
		Release|Any CPU = Release|Any CPU
	EndGlobalSection
	GlobalSection(ProjectConfigurationPlatforms) = postSolution
		{517622BB-8605-4E28-BC91-F37D6A9DD53C}.Debug|Any CPU.ActiveCfg = Debug|Any CPU
		{517622BB-8605-4E28-BC91-F37D6A9DD53C}.Debug|Any CPU.Build.0 = Debug|Any CPU
		{517622BB-8605-4E28-BC91-F37D6A9DD53C}.Release|Any CPU.ActiveCfg = Release|Any CPU
		{517622BB-8605-4E28-BC91-F37D6A9DD53C}.Release|Any CPU.Build.0 = Release|Any CPU
	EndGlobalSection
	GlobalSection(SolutionProperties) = preSolution
		HideSolutionNode = FALSE
	EndGlobalSection
	GlobalSection(ExtensibilityGlobals) = postSolution
		SolutionGuid = {0B89CC0B-81BD-45AC-B27E-B656F9FEF2BF}
	EndGlobalSection
EndGlobal
